
Microsoft Visual Studio Solution File, Format Version 12.00
Project("{FAE04EC0-301F-11D3-BF4B-00C04F79EFBC}") = "Day1", "Day1\Day1.csproj", "{F3B9A386-2D80-45A8-A09D-649230C2AB0D}"
EndProject
Project("{FAE04EC0-301F-11D3-BF4B-00C04F79EFBC}") = "Day2", "Day2\Day2.csproj", "{CEE800AD-B608-4B74-8704-1337B1997803}"
EndProject
Project("{FAE04EC0-301F-11D3-BF4B-00C04F79EFBC}") = "Day3", "Day3\Day3.csproj", "{EE8DC1DD-1836-4285-A50B-BBC8EA90E2AC}"
EndProject
Project("{FAE04EC0-301F-11D3-BF4B-00C04F79EFBC}") = "Day4", "Day4\Day4.csproj", "{08919DE9-44A1-4A21-A0B7-A3554DF14DD2}"
EndProject
Project("{FAE04EC0-301F-11D3-BF4B-00C04F79EFBC}") = "Day5", "Day5\Day5.csproj", "{4CFF46CD-C45E-48F3-B03E-20101F960BEB}"
EndProject
Project("{FAE04EC0-301F-11D3-BF4B-00C04F79EFBC}") = "Day6", "Day6\Day6.csproj", "{68C3C511-141C-497C-9735-B3A06F61BD7F}"
EndProject
Project("{FAE04EC0-301F-11D3-BF4B-00C04F79EFBC}") = "Day7", "Day7\Day7.csproj", "{35FA24E4-DBF1-41CA-AF5C-5B521F8E3F16}"
EndProject
Project("{FAE04EC0-301F-11D3-BF4B-00C04F79EFBC}") = "Day8", "Day8\Day8.csproj", "{FC749C40-231E-40BE-851B-D93BD20B167F}"
EndProject
Project("{FAE04EC0-301F-11D3-BF4B-00C04F79EFBC}") = "Day9", "Day9\Day9.csproj", "{BB962EB9-16C4-4C50-BC3E-0EA2C9EE8ACA}"
EndProject
Project("{FAE04EC0-301F-11D3-BF4B-00C04F79EFBC}") = "Day10", "Day10\Day10.csproj", "{41F9D609-61D3-4117-9F63-AC274A0BECCB}"
EndProject
Project("{FAE04EC0-301F-11D3-BF4B-00C04F79EFBC}") = "Day11", "Day11\Day11.csproj", "{602BBC21-6DBB-4A23-8CE6-4DF494EB3F23}"
EndProject
Global
	GlobalSection(SolutionConfigurationPlatforms) = preSolution
		Debug|Any CPU = Debug|Any CPU
		Release|Any CPU = Release|Any CPU
	EndGlobalSection
	GlobalSection(ProjectConfigurationPlatforms) = postSolution
		{F3B9A386-2D80-45A8-A09D-649230C2AB0D}.Debug|Any CPU.ActiveCfg = Debug|Any CPU
		{F3B9A386-2D80-45A8-A09D-649230C2AB0D}.Debug|Any CPU.Build.0 = Debug|Any CPU
		{F3B9A386-2D80-45A8-A09D-649230C2AB0D}.Release|Any CPU.ActiveCfg = Release|Any CPU
		{F3B9A386-2D80-45A8-A09D-649230C2AB0D}.Release|Any CPU.Build.0 = Release|Any CPU
		{CEE800AD-B608-4B74-8704-1337B1997803}.Debug|Any CPU.ActiveCfg = Debug|Any CPU
		{CEE800AD-B608-4B74-8704-1337B1997803}.Debug|Any CPU.Build.0 = Debug|Any CPU
		{CEE800AD-B608-4B74-8704-1337B1997803}.Release|Any CPU.ActiveCfg = Release|Any CPU
		{CEE800AD-B608-4B74-8704-1337B1997803}.Release|Any CPU.Build.0 = Release|Any CPU
		{EE8DC1DD-1836-4285-A50B-BBC8EA90E2AC}.Debug|Any CPU.ActiveCfg = Debug|Any CPU
		{EE8DC1DD-1836-4285-A50B-BBC8EA90E2AC}.Debug|Any CPU.Build.0 = Debug|Any CPU
		{EE8DC1DD-1836-4285-A50B-BBC8EA90E2AC}.Release|Any CPU.ActiveCfg = Release|Any CPU
		{EE8DC1DD-1836-4285-A50B-BBC8EA90E2AC}.Release|Any CPU.Build.0 = Release|Any CPU
		{08919DE9-44A1-4A21-A0B7-A3554DF14DD2}.Debug|Any CPU.ActiveCfg = Debug|Any CPU
		{08919DE9-44A1-4A21-A0B7-A3554DF14DD2}.Debug|Any CPU.Build.0 = Debug|Any CPU
		{08919DE9-44A1-4A21-A0B7-A3554DF14DD2}.Release|Any CPU.ActiveCfg = Release|Any CPU
		{08919DE9-44A1-4A21-A0B7-A3554DF14DD2}.Release|Any CPU.Build.0 = Release|Any CPU
		{4CFF46CD-C45E-48F3-B03E-20101F960BEB}.Debug|Any CPU.ActiveCfg = Debug|Any CPU
		{4CFF46CD-C45E-48F3-B03E-20101F960BEB}.Debug|Any CPU.Build.0 = Debug|Any CPU
		{4CFF46CD-C45E-48F3-B03E-20101F960BEB}.Release|Any CPU.ActiveCfg = Release|Any CPU
		{4CFF46CD-C45E-48F3-B03E-20101F960BEB}.Release|Any CPU.Build.0 = Release|Any CPU
		{68C3C511-141C-497C-9735-B3A06F61BD7F}.Debug|Any CPU.ActiveCfg = Debug|Any CPU
		{68C3C511-141C-497C-9735-B3A06F61BD7F}.Debug|Any CPU.Build.0 = Debug|Any CPU
		{68C3C511-141C-497C-9735-B3A06F61BD7F}.Release|Any CPU.ActiveCfg = Release|Any CPU
		{68C3C511-141C-497C-9735-B3A06F61BD7F}.Release|Any CPU.Build.0 = Release|Any CPU
		{35FA24E4-DBF1-41CA-AF5C-5B521F8E3F16}.Debug|Any CPU.ActiveCfg = Debug|Any CPU
		{35FA24E4-DBF1-41CA-AF5C-5B521F8E3F16}.Debug|Any CPU.Build.0 = Debug|Any CPU
		{35FA24E4-DBF1-41CA-AF5C-5B521F8E3F16}.Release|Any CPU.ActiveCfg = Release|Any CPU
		{35FA24E4-DBF1-41CA-AF5C-5B521F8E3F16}.Release|Any CPU.Build.0 = Release|Any CPU
		{FC749C40-231E-40BE-851B-D93BD20B167F}.Debug|Any CPU.ActiveCfg = Debug|Any CPU
		{FC749C40-231E-40BE-851B-D93BD20B167F}.Debug|Any CPU.Build.0 = Debug|Any CPU
		{FC749C40-231E-40BE-851B-D93BD20B167F}.Release|Any CPU.ActiveCfg = Release|Any CPU
		{FC749C40-231E-40BE-851B-D93BD20B167F}.Release|Any CPU.Build.0 = Release|Any CPU
		{BB962EB9-16C4-4C50-BC3E-0EA2C9EE8ACA}.Debug|Any CPU.ActiveCfg = Debug|Any CPU
		{BB962EB9-16C4-4C50-BC3E-0EA2C9EE8ACA}.Debug|Any CPU.Build.0 = Debug|Any CPU
		{BB962EB9-16C4-4C50-BC3E-0EA2C9EE8ACA}.Release|Any CPU.ActiveCfg = Release|Any CPU
		{BB962EB9-16C4-4C50-BC3E-0EA2C9EE8ACA}.Release|Any CPU.Build.0 = Release|Any CPU
		{41F9D609-61D3-4117-9F63-AC274A0BECCB}.Debug|Any CPU.ActiveCfg = Debug|Any CPU
		{41F9D609-61D3-4117-9F63-AC274A0BECCB}.Debug|Any CPU.Build.0 = Debug|Any CPU
		{41F9D609-61D3-4117-9F63-AC274A0BECCB}.Release|Any CPU.ActiveCfg = Release|Any CPU
		{41F9D609-61D3-4117-9F63-AC274A0BECCB}.Release|Any CPU.Build.0 = Release|Any CPU
		{602BBC21-6DBB-4A23-8CE6-4DF494EB3F23}.Debug|Any CPU.ActiveCfg = Debug|Any CPU
		{602BBC21-6DBB-4A23-8CE6-4DF494EB3F23}.Debug|Any CPU.Build.0 = Debug|Any CPU
		{602BBC21-6DBB-4A23-8CE6-4DF494EB3F23}.Release|Any CPU.ActiveCfg = Release|Any CPU
		{602BBC21-6DBB-4A23-8CE6-4DF494EB3F23}.Release|Any CPU.Build.0 = Release|Any CPU
	EndGlobalSection
EndGlobal
